
Microsoft Visual Studio Solution File, Format Version 12.00
# Visual Studio Version 17
VisualStudioVersion = 17.0.32014.148
MinimumVisualStudioVersion = 10.0.40219.1
Project("{9A19103F-16F7-4668-BE54-9A1E7A4F7556}") = "FlyleafLib", "FlyleafLib\FlyleafLib.csproj", "{D262BA82-2306-4AB9-93E2-84D99869093A}"
EndProject
Project("{9A19103F-16F7-4668-BE54-9A1E7A4F7556}") = "FlyleafLib.Controls.WPF", "FlyleafLib.Controls.WPF\FlyleafLib.Controls.WPF.csproj", "{17D6A6E9-7B7A-45EA-98CF-4E381383617F}"
EndProject
Project("{2150E333-8FDC-42A3-9474-1A3956D46DE8}") = "Solution Items", "Solution Items", "{F23B0564-E14C-412B-9536-8C886B9219C4}"
	ProjectSection(SolutionItems) = preProject
		.editorconfig = .editorconfig
		README.md = README.md
	EndProjectSection
EndProject
Project("{2150E333-8FDC-42A3-9474-1A3956D46DE8}") = "Tests", "Tests", "{01A29B6E-AD65-46B6-B3F8-B09192F2CE18}"
EndProject
Project("{9A19103F-16F7-4668-BE54-9A1E7A4F7556}") = "PlayerDispose", "Tests\PlayerDispose\PlayerDispose.csproj", "{32E95753-453F-4DA7-9430-64B74C7D2E9A}"
EndProject
Project("{2150E333-8FDC-42A3-9474-1A3956D46DE8}") = "Samples", "Samples", "{6029F6A2-3EB6-475B-B7DB-048C4992B772}"
EndProject
Project("{9A19103F-16F7-4668-BE54-9A1E7A4F7556}") = "FlyleafDownloader (WinForms)", "Samples\FlyleafDownloader (WinForms)\FlyleafDownloader (WinForms).csproj", "{A031D604-BD12-4591-B39A-FDCD4237E018}"
	ProjectSection(ProjectDependencies) = postProject
		{0373A77C-8084-49A3-A55C-616A0786B157} = {0373A77C-8084-49A3-A55C-616A0786B157}
		{80FB4994-6492-49FC-BC8A-1CA768C182A7} = {80FB4994-6492-49FC-BC8A-1CA768C182A7}
		{A5BC96CF-2687-4397-A3DC-9A346366B7D0} = {A5BC96CF-2687-4397-A3DC-9A346366B7D0}
		{EBC54F66-FDE1-4119-9A9A-68411A690AFE} = {EBC54F66-FDE1-4119-9A9A-68411A690AFE}
	EndProjectSection
EndProject
Project("{9A19103F-16F7-4668-BE54-9A1E7A4F7556}") = "FlyleafPlayer (Custom - MVVM) (WPF)", "Samples\FlyleafPlayer (Custom - MVVM) (WPF)\FlyleafPlayer (Custom - MVVM) (WPF).csproj", "{E70DFE8E-5361-4233-94A2-0B50251A275F}"
	ProjectSection(ProjectDependencies) = postProject
		{0373A77C-8084-49A3-A55C-616A0786B157} = {0373A77C-8084-49A3-A55C-616A0786B157}
		{80FB4994-6492-49FC-BC8A-1CA768C182A7} = {80FB4994-6492-49FC-BC8A-1CA768C182A7}
		{A5BC96CF-2687-4397-A3DC-9A346366B7D0} = {A5BC96CF-2687-4397-A3DC-9A346366B7D0}
		{EBC54F66-FDE1-4119-9A9A-68411A690AFE} = {EBC54F66-FDE1-4119-9A9A-68411A690AFE}
	EndProjectSection
EndProject
Project("{9A19103F-16F7-4668-BE54-9A1E7A4F7556}") = "FlyleafPlayer (Custom) (WinForms)", "Samples\FlyleafPlayer (Custom)  (WinForms)\FlyleafPlayer (Custom) (WinForms).csproj", "{7AD05F20-B0B0-4EAF-8EA4-F5573BBA9E71}"
	ProjectSection(ProjectDependencies) = postProject
		{0373A77C-8084-49A3-A55C-616A0786B157} = {0373A77C-8084-49A3-A55C-616A0786B157}
		{80FB4994-6492-49FC-BC8A-1CA768C182A7} = {80FB4994-6492-49FC-BC8A-1CA768C182A7}
		{A5BC96CF-2687-4397-A3DC-9A346366B7D0} = {A5BC96CF-2687-4397-A3DC-9A346366B7D0}
		{EBC54F66-FDE1-4119-9A9A-68411A690AFE} = {EBC54F66-FDE1-4119-9A9A-68411A690AFE}
	EndProjectSection
EndProject
Project("{9A19103F-16F7-4668-BE54-9A1E7A4F7556}") = "FlyleafPlayer (WPF Control) (WPF)", "Samples\FlyleafPlayer (WPF Control) (WPF)\FlyleafPlayer (WPF Control) (WPF).csproj", "{A5F77AC7-F80C-401B-930D-5AE86EE2AAA2}"
	ProjectSection(ProjectDependencies) = postProject
		{0373A77C-8084-49A3-A55C-616A0786B157} = {0373A77C-8084-49A3-A55C-616A0786B157}
		{80FB4994-6492-49FC-BC8A-1CA768C182A7} = {80FB4994-6492-49FC-BC8A-1CA768C182A7}
		{A5BC96CF-2687-4397-A3DC-9A346366B7D0} = {A5BC96CF-2687-4397-A3DC-9A346366B7D0}
		{EBC54F66-FDE1-4119-9A9A-68411A690AFE} = {EBC54F66-FDE1-4119-9A9A-68411A690AFE}
	EndProjectSection
EndProject
Project("{9A19103F-16F7-4668-BE54-9A1E7A4F7556}") = "FlyleafExtractor (WinForms)", "Samples\FlyleafExtractor (WinForms)\FlyleafExtractor (WinForms).csproj", "{80336F02-CB8A-4D25-832F-CD03E38F8234}"
	ProjectSection(ProjectDependencies) = postProject
		{0373A77C-8084-49A3-A55C-616A0786B157} = {0373A77C-8084-49A3-A55C-616A0786B157}
		{80FB4994-6492-49FC-BC8A-1CA768C182A7} = {80FB4994-6492-49FC-BC8A-1CA768C182A7}
		{A5BC96CF-2687-4397-A3DC-9A346366B7D0} = {A5BC96CF-2687-4397-A3DC-9A346366B7D0}
		{EBC54F66-FDE1-4119-9A9A-68411A690AFE} = {EBC54F66-FDE1-4119-9A9A-68411A690AFE}
	EndProjectSection
EndProject
Project("{FAE04EC0-301F-11D3-BF4B-00C04F79EFBC}") = "WpfNetFramework", "Tests\WpfNetFramework\WpfNetFramework.csproj", "{E41D1F95-6374-42B8-9FC1-0AADB0D260E3}"
EndProject
Project("{9A19103F-16F7-4668-BE54-9A1E7A4F7556}") = "FlyleafMultiPlayer (WPF)", "Tests\FlyleafMultiPlayer (WPF)\FlyleafMultiPlayer (WPF).csproj", "{3582BB1E-8D29-4462-809A-BE62F8791F2B}"
EndProject
Project("{9A19103F-16F7-4668-BE54-9A1E7A4F7556}") = "FlyleafAudioPlayer (Custom) (WinForms)", "Samples\FlyleafAudioPlayer (Custom) (WinForms)\FlyleafAudioPlayer (Custom) (WinForms).csproj", "{D1B35B52-2023-4E53-9656-421766F5D366}"
	ProjectSection(ProjectDependencies) = postProject
		{0373A77C-8084-49A3-A55C-616A0786B157} = {0373A77C-8084-49A3-A55C-616A0786B157}
		{80FB4994-6492-49FC-BC8A-1CA768C182A7} = {80FB4994-6492-49FC-BC8A-1CA768C182A7}
		{A5BC96CF-2687-4397-A3DC-9A346366B7D0} = {A5BC96CF-2687-4397-A3DC-9A346366B7D0}
		{EBC54F66-FDE1-4119-9A9A-68411A690AFE} = {EBC54F66-FDE1-4119-9A9A-68411A690AFE}
	EndProjectSection
EndProject
Project("{9A19103F-16F7-4668-BE54-9A1E7A4F7556}") = "DoubleVideoViewOverlay", "Tests\DoubleVideoViewOverlay\DoubleVideoViewOverlay.csproj", "{2D8A6364-050D-4037-8BA6-EB114FE9A497}"
EndProject
Project("{9A19103F-16F7-4668-BE54-9A1E7A4F7556}") = "WpfFlyleafHost", "Tests\WpfFlyleafHost\WpfFlyleafHost.csproj", "{182B9991-9C46-4702-A4FD-861DF8907E51}"
EndProject
Project("{2150E333-8FDC-42A3-9474-1A3956D46DE8}") = "Plugins", "Plugins", "{BF7004C3-CDF7-41B4-980D-36F6A407969B}"
EndProject
Project("{9A19103F-16F7-4668-BE54-9A1E7A4F7556}") = "TorrentBitSwarm", "Plugins\FlyleafLib.Plugins.BitSwarm\TorrentBitSwarm.csproj", "{A5BC96CF-2687-4397-A3DC-9A346366B7D0}"
EndProject
Project("{9A19103F-16F7-4668-BE54-9A1E7A4F7556}") = "OpenSubtitlesOrg", "Plugins\FlyleafLib.Plugins.OpenSubtitlesOrg\OpenSubtitlesOrg.csproj", "{80FB4994-6492-49FC-BC8A-1CA768C182A7}"
EndProject
Project("{9A19103F-16F7-4668-BE54-9A1E7A4F7556}") = "SubtitlesConverter", "Plugins\FlyleafLib.Plugins.SubtitlesConverter\SubtitlesConverter.csproj", "{EBC54F66-FDE1-4119-9A9A-68411A690AFE}"
EndProject
Project("{9A19103F-16F7-4668-BE54-9A1E7A4F7556}") = "YoutubeDL", "Plugins\FlyleafLib.Plugins.YoutubeDL\YoutubeDL.csproj", "{0373A77C-8084-49A3-A55C-616A0786B157}"
EndProject
Global
	GlobalSection(SolutionConfigurationPlatforms) = preSolution
		Debug|Any CPU = Debug|Any CPU
		Debug|x64 = Debug|x64
		Debug|x86 = Debug|x86
		Release|Any CPU = Release|Any CPU
		Release|x64 = Release|x64
		Release|x86 = Release|x86
	EndGlobalSection
	GlobalSection(ProjectConfigurationPlatforms) = postSolution
		{D262BA82-2306-4AB9-93E2-84D99869093A}.Debug|Any CPU.ActiveCfg = Debug|Any CPU
		{D262BA82-2306-4AB9-93E2-84D99869093A}.Debug|Any CPU.Build.0 = Debug|Any CPU
		{D262BA82-2306-4AB9-93E2-84D99869093A}.Debug|x64.ActiveCfg = Debug|Any CPU
		{D262BA82-2306-4AB9-93E2-84D99869093A}.Debug|x64.Build.0 = Debug|Any CPU
		{D262BA82-2306-4AB9-93E2-84D99869093A}.Debug|x86.ActiveCfg = Debug|Any CPU
		{D262BA82-2306-4AB9-93E2-84D99869093A}.Debug|x86.Build.0 = Debug|Any CPU
		{D262BA82-2306-4AB9-93E2-84D99869093A}.Release|Any CPU.ActiveCfg = Release|Any CPU
		{D262BA82-2306-4AB9-93E2-84D99869093A}.Release|Any CPU.Build.0 = Release|Any CPU
		{D262BA82-2306-4AB9-93E2-84D99869093A}.Release|x64.ActiveCfg = Release|Any CPU
		{D262BA82-2306-4AB9-93E2-84D99869093A}.Release|x64.Build.0 = Release|Any CPU
		{D262BA82-2306-4AB9-93E2-84D99869093A}.Release|x86.ActiveCfg = Release|Any CPU
		{D262BA82-2306-4AB9-93E2-84D99869093A}.Release|x86.Build.0 = Release|Any CPU
		{17D6A6E9-7B7A-45EA-98CF-4E381383617F}.Debug|Any CPU.ActiveCfg = Debug|Any CPU
		{17D6A6E9-7B7A-45EA-98CF-4E381383617F}.Debug|Any CPU.Build.0 = Debug|Any CPU
		{17D6A6E9-7B7A-45EA-98CF-4E381383617F}.Debug|x64.ActiveCfg = Debug|Any CPU
		{17D6A6E9-7B7A-45EA-98CF-4E381383617F}.Debug|x64.Build.0 = Debug|Any CPU
		{17D6A6E9-7B7A-45EA-98CF-4E381383617F}.Debug|x86.ActiveCfg = Debug|Any CPU
		{17D6A6E9-7B7A-45EA-98CF-4E381383617F}.Debug|x86.Build.0 = Debug|Any CPU
		{17D6A6E9-7B7A-45EA-98CF-4E381383617F}.Release|Any CPU.ActiveCfg = Release|Any CPU
		{17D6A6E9-7B7A-45EA-98CF-4E381383617F}.Release|Any CPU.Build.0 = Release|Any CPU
		{17D6A6E9-7B7A-45EA-98CF-4E381383617F}.Release|x64.ActiveCfg = Release|Any CPU
		{17D6A6E9-7B7A-45EA-98CF-4E381383617F}.Release|x64.Build.0 = Release|Any CPU
		{17D6A6E9-7B7A-45EA-98CF-4E381383617F}.Release|x86.ActiveCfg = Release|Any CPU
		{17D6A6E9-7B7A-45EA-98CF-4E381383617F}.Release|x86.Build.0 = Release|Any CPU
		{32E95753-453F-4DA7-9430-64B74C7D2E9A}.Debug|Any CPU.ActiveCfg = Debug|x64
		{32E95753-453F-4DA7-9430-64B74C7D2E9A}.Debug|Any CPU.Build.0 = Debug|x64
		{32E95753-453F-4DA7-9430-64B74C7D2E9A}.Debug|x64.ActiveCfg = Debug|x64
		{32E95753-453F-4DA7-9430-64B74C7D2E9A}.Debug|x64.Build.0 = Debug|x64
		{32E95753-453F-4DA7-9430-64B74C7D2E9A}.Debug|x86.ActiveCfg = Debug|x86
		{32E95753-453F-4DA7-9430-64B74C7D2E9A}.Debug|x86.Build.0 = Debug|x86
		{32E95753-453F-4DA7-9430-64B74C7D2E9A}.Release|Any CPU.ActiveCfg = Release|x64
		{32E95753-453F-4DA7-9430-64B74C7D2E9A}.Release|x64.ActiveCfg = Release|x64
		{32E95753-453F-4DA7-9430-64B74C7D2E9A}.Release|x64.Build.0 = Release|x64
		{32E95753-453F-4DA7-9430-64B74C7D2E9A}.Release|x86.ActiveCfg = Release|x86
		{32E95753-453F-4DA7-9430-64B74C7D2E9A}.Release|x86.Build.0 = Release|x86
		{A031D604-BD12-4591-B39A-FDCD4237E018}.Debug|Any CPU.ActiveCfg = Debug|x64
		{A031D604-BD12-4591-B39A-FDCD4237E018}.Debug|Any CPU.Build.0 = Debug|x64
		{A031D604-BD12-4591-B39A-FDCD4237E018}.Debug|x64.ActiveCfg = Debug|x64
		{A031D604-BD12-4591-B39A-FDCD4237E018}.Debug|x64.Build.0 = Debug|x64
		{A031D604-BD12-4591-B39A-FDCD4237E018}.Debug|x86.ActiveCfg = Debug|x86
		{A031D604-BD12-4591-B39A-FDCD4237E018}.Debug|x86.Build.0 = Debug|x86
		{A031D604-BD12-4591-B39A-FDCD4237E018}.Release|Any CPU.ActiveCfg = Release|x64
		{A031D604-BD12-4591-B39A-FDCD4237E018}.Release|Any CPU.Build.0 = Release|x64
		{A031D604-BD12-4591-B39A-FDCD4237E018}.Release|x64.ActiveCfg = Release|x64
		{A031D604-BD12-4591-B39A-FDCD4237E018}.Release|x64.Build.0 = Release|x64
		{A031D604-BD12-4591-B39A-FDCD4237E018}.Release|x86.ActiveCfg = Release|x86
		{A031D604-BD12-4591-B39A-FDCD4237E018}.Release|x86.Build.0 = Release|x86
		{E70DFE8E-5361-4233-94A2-0B50251A275F}.Debug|Any CPU.ActiveCfg = Debug|x64
		{E70DFE8E-5361-4233-94A2-0B50251A275F}.Debug|Any CPU.Build.0 = Debug|x64
		{E70DFE8E-5361-4233-94A2-0B50251A275F}.Debug|x64.ActiveCfg = Debug|x64
		{E70DFE8E-5361-4233-94A2-0B50251A275F}.Debug|x64.Build.0 = Debug|x64
		{E70DFE8E-5361-4233-94A2-0B50251A275F}.Debug|x86.ActiveCfg = Debug|x86
		{E70DFE8E-5361-4233-94A2-0B50251A275F}.Debug|x86.Build.0 = Debug|x86
		{E70DFE8E-5361-4233-94A2-0B50251A275F}.Release|Any CPU.ActiveCfg = Release|x64
		{E70DFE8E-5361-4233-94A2-0B50251A275F}.Release|Any CPU.Build.0 = Release|x64
		{E70DFE8E-5361-4233-94A2-0B50251A275F}.Release|x64.ActiveCfg = Release|x64
		{E70DFE8E-5361-4233-94A2-0B50251A275F}.Release|x64.Build.0 = Release|x64
		{E70DFE8E-5361-4233-94A2-0B50251A275F}.Release|x86.ActiveCfg = Release|x86
		{E70DFE8E-5361-4233-94A2-0B50251A275F}.Release|x86.Build.0 = Release|x86
		{7AD05F20-B0B0-4EAF-8EA4-F5573BBA9E71}.Debug|Any CPU.ActiveCfg = Debug|x64
		{7AD05F20-B0B0-4EAF-8EA4-F5573BBA9E71}.Debug|Any CPU.Build.0 = Debug|x64
		{7AD05F20-B0B0-4EAF-8EA4-F5573BBA9E71}.Debug|x64.ActiveCfg = Debug|x64
		{7AD05F20-B0B0-4EAF-8EA4-F5573BBA9E71}.Debug|x64.Build.0 = Debug|x64
		{7AD05F20-B0B0-4EAF-8EA4-F5573BBA9E71}.Debug|x86.ActiveCfg = Debug|x86
		{7AD05F20-B0B0-4EAF-8EA4-F5573BBA9E71}.Debug|x86.Build.0 = Debug|x86
		{7AD05F20-B0B0-4EAF-8EA4-F5573BBA9E71}.Release|Any CPU.ActiveCfg = Release|x64
		{7AD05F20-B0B0-4EAF-8EA4-F5573BBA9E71}.Release|Any CPU.Build.0 = Release|x64
		{7AD05F20-B0B0-4EAF-8EA4-F5573BBA9E71}.Release|x64.ActiveCfg = Release|x64
		{7AD05F20-B0B0-4EAF-8EA4-F5573BBA9E71}.Release|x64.Build.0 = Release|x64
		{7AD05F20-B0B0-4EAF-8EA4-F5573BBA9E71}.Release|x86.ActiveCfg = Release|x86
		{7AD05F20-B0B0-4EAF-8EA4-F5573BBA9E71}.Release|x86.Build.0 = Release|x86
		{A5F77AC7-F80C-401B-930D-5AE86EE2AAA2}.Debug|Any CPU.ActiveCfg = Debug|x64
		{A5F77AC7-F80C-401B-930D-5AE86EE2AAA2}.Debug|Any CPU.Build.0 = Debug|x64
		{A5F77AC7-F80C-401B-930D-5AE86EE2AAA2}.Debug|x64.ActiveCfg = Debug|x64
		{A5F77AC7-F80C-401B-930D-5AE86EE2AAA2}.Debug|x64.Build.0 = Debug|x64
		{A5F77AC7-F80C-401B-930D-5AE86EE2AAA2}.Debug|x86.ActiveCfg = Debug|x86
		{A5F77AC7-F80C-401B-930D-5AE86EE2AAA2}.Debug|x86.Build.0 = Debug|x86
		{A5F77AC7-F80C-401B-930D-5AE86EE2AAA2}.Release|Any CPU.ActiveCfg = Release|x64
		{A5F77AC7-F80C-401B-930D-5AE86EE2AAA2}.Release|Any CPU.Build.0 = Release|x64
		{A5F77AC7-F80C-401B-930D-5AE86EE2AAA2}.Release|x64.ActiveCfg = Release|x64
		{A5F77AC7-F80C-401B-930D-5AE86EE2AAA2}.Release|x64.Build.0 = Release|x64
		{A5F77AC7-F80C-401B-930D-5AE86EE2AAA2}.Release|x86.ActiveCfg = Release|x86
		{A5F77AC7-F80C-401B-930D-5AE86EE2AAA2}.Release|x86.Build.0 = Release|x86
		{80336F02-CB8A-4D25-832F-CD03E38F8234}.Debug|Any CPU.ActiveCfg = Debug|x64
		{80336F02-CB8A-4D25-832F-CD03E38F8234}.Debug|Any CPU.Build.0 = Debug|x64
		{80336F02-CB8A-4D25-832F-CD03E38F8234}.Debug|x64.ActiveCfg = Debug|x64
		{80336F02-CB8A-4D25-832F-CD03E38F8234}.Debug|x64.Build.0 = Debug|x64
		{80336F02-CB8A-4D25-832F-CD03E38F8234}.Debug|x86.ActiveCfg = Debug|x86
		{80336F02-CB8A-4D25-832F-CD03E38F8234}.Debug|x86.Build.0 = Debug|x86
		{80336F02-CB8A-4D25-832F-CD03E38F8234}.Release|Any CPU.ActiveCfg = Release|x64
		{80336F02-CB8A-4D25-832F-CD03E38F8234}.Release|Any CPU.Build.0 = Release|x64
		{80336F02-CB8A-4D25-832F-CD03E38F8234}.Release|x64.ActiveCfg = Release|x64
		{80336F02-CB8A-4D25-832F-CD03E38F8234}.Release|x64.Build.0 = Release|x64
		{80336F02-CB8A-4D25-832F-CD03E38F8234}.Release|x86.ActiveCfg = Release|x86
		{80336F02-CB8A-4D25-832F-CD03E38F8234}.Release|x86.Build.0 = Release|x86
		{E41D1F95-6374-42B8-9FC1-0AADB0D260E3}.Debug|Any CPU.ActiveCfg = Debug|Any CPU
		{E41D1F95-6374-42B8-9FC1-0AADB0D260E3}.Debug|Any CPU.Build.0 = Debug|Any CPU
		{E41D1F95-6374-42B8-9FC1-0AADB0D260E3}.Debug|x64.ActiveCfg = Debug|x64
		{E41D1F95-6374-42B8-9FC1-0AADB0D260E3}.Debug|x64.Build.0 = Debug|x64
		{E41D1F95-6374-42B8-9FC1-0AADB0D260E3}.Debug|x86.ActiveCfg = Debug|Any CPU
		{E41D1F95-6374-42B8-9FC1-0AADB0D260E3}.Debug|x86.Build.0 = Debug|Any CPU
		{E41D1F95-6374-42B8-9FC1-0AADB0D260E3}.Release|Any CPU.ActiveCfg = Release|Any CPU
		{E41D1F95-6374-42B8-9FC1-0AADB0D260E3}.Release|Any CPU.Build.0 = Release|Any CPU
		{E41D1F95-6374-42B8-9FC1-0AADB0D260E3}.Release|x64.ActiveCfg = Release|x64
		{E41D1F95-6374-42B8-9FC1-0AADB0D260E3}.Release|x64.Build.0 = Release|x64
		{E41D1F95-6374-42B8-9FC1-0AADB0D260E3}.Release|x86.ActiveCfg = Release|Any CPU
		{E41D1F95-6374-42B8-9FC1-0AADB0D260E3}.Release|x86.Build.0 = Release|Any CPU
		{3582BB1E-8D29-4462-809A-BE62F8791F2B}.Debug|Any CPU.ActiveCfg = Debug|Any CPU
		{3582BB1E-8D29-4462-809A-BE62F8791F2B}.Debug|Any CPU.Build.0 = Debug|Any CPU
		{3582BB1E-8D29-4462-809A-BE62F8791F2B}.Debug|x64.ActiveCfg = Debug|Any CPU
		{3582BB1E-8D29-4462-809A-BE62F8791F2B}.Debug|x64.Build.0 = Debug|Any CPU
		{3582BB1E-8D29-4462-809A-BE62F8791F2B}.Debug|x86.ActiveCfg = Debug|Any CPU
		{3582BB1E-8D29-4462-809A-BE62F8791F2B}.Debug|x86.Build.0 = Debug|Any CPU
		{3582BB1E-8D29-4462-809A-BE62F8791F2B}.Release|Any CPU.ActiveCfg = Release|Any CPU
		{3582BB1E-8D29-4462-809A-BE62F8791F2B}.Release|Any CPU.Build.0 = Release|Any CPU
		{3582BB1E-8D29-4462-809A-BE62F8791F2B}.Release|x64.ActiveCfg = Release|Any CPU
		{3582BB1E-8D29-4462-809A-BE62F8791F2B}.Release|x64.Build.0 = Release|Any CPU
		{3582BB1E-8D29-4462-809A-BE62F8791F2B}.Release|x86.ActiveCfg = Release|Any CPU
		{3582BB1E-8D29-4462-809A-BE62F8791F2B}.Release|x86.Build.0 = Release|Any CPU
		{D1B35B52-2023-4E53-9656-421766F5D366}.Debug|Any CPU.ActiveCfg = Debug|Any CPU
		{D1B35B52-2023-4E53-9656-421766F5D366}.Debug|Any CPU.Build.0 = Debug|Any CPU
		{D1B35B52-2023-4E53-9656-421766F5D366}.Debug|x64.ActiveCfg = Debug|x64
		{D1B35B52-2023-4E53-9656-421766F5D366}.Debug|x64.Build.0 = Debug|x64
		{D1B35B52-2023-4E53-9656-421766F5D366}.Debug|x86.ActiveCfg = Debug|Any CPU
		{D1B35B52-2023-4E53-9656-421766F5D366}.Debug|x86.Build.0 = Debug|Any CPU
		{D1B35B52-2023-4E53-9656-421766F5D366}.Release|Any CPU.ActiveCfg = Release|Any CPU
		{D1B35B52-2023-4E53-9656-421766F5D366}.Release|Any CPU.Build.0 = Release|Any CPU
		{D1B35B52-2023-4E53-9656-421766F5D366}.Release|x64.ActiveCfg = Release|x64
		{D1B35B52-2023-4E53-9656-421766F5D366}.Release|x64.Build.0 = Release|x64
		{D1B35B52-2023-4E53-9656-421766F5D366}.Release|x86.ActiveCfg = Release|Any CPU
		{D1B35B52-2023-4E53-9656-421766F5D366}.Release|x86.Build.0 = Release|Any CPU
		{2D8A6364-050D-4037-8BA6-EB114FE9A497}.Debug|Any CPU.ActiveCfg = Debug|Any CPU
		{2D8A6364-050D-4037-8BA6-EB114FE9A497}.Debug|Any CPU.Build.0 = Debug|Any CPU
		{2D8A6364-050D-4037-8BA6-EB114FE9A497}.Debug|x64.ActiveCfg = Debug|Any CPU
		{2D8A6364-050D-4037-8BA6-EB114FE9A497}.Debug|x64.Build.0 = Debug|Any CPU
		{2D8A6364-050D-4037-8BA6-EB114FE9A497}.Debug|x86.ActiveCfg = Debug|Any CPU
		{2D8A6364-050D-4037-8BA6-EB114FE9A497}.Debug|x86.Build.0 = Debug|Any CPU
		{2D8A6364-050D-4037-8BA6-EB114FE9A497}.Release|Any CPU.ActiveCfg = Release|Any CPU
		{2D8A6364-050D-4037-8BA6-EB114FE9A497}.Release|Any CPU.Build.0 = Release|Any CPU
		{2D8A6364-050D-4037-8BA6-EB114FE9A497}.Release|x64.ActiveCfg = Release|Any CPU
		{2D8A6364-050D-4037-8BA6-EB114FE9A497}.Release|x64.Build.0 = Release|Any CPU
		{2D8A6364-050D-4037-8BA6-EB114FE9A497}.Release|x86.ActiveCfg = Release|Any CPU
		{2D8A6364-050D-4037-8BA6-EB114FE9A497}.Release|x86.Build.0 = Release|Any CPU
		{182B9991-9C46-4702-A4FD-861DF8907E51}.Debug|Any CPU.ActiveCfg = Debug|Any CPU
		{182B9991-9C46-4702-A4FD-861DF8907E51}.Debug|Any CPU.Build.0 = Debug|Any CPU
		{182B9991-9C46-4702-A4FD-861DF8907E51}.Debug|x64.ActiveCfg = Debug|Any CPU
		{182B9991-9C46-4702-A4FD-861DF8907E51}.Debug|x64.Build.0 = Debug|Any CPU
		{182B9991-9C46-4702-A4FD-861DF8907E51}.Debug|x86.ActiveCfg = Debug|Any CPU
		{182B9991-9C46-4702-A4FD-861DF8907E51}.Debug|x86.Build.0 = Debug|Any CPU
		{182B9991-9C46-4702-A4FD-861DF8907E51}.Release|Any CPU.ActiveCfg = Release|Any CPU
		{182B9991-9C46-4702-A4FD-861DF8907E51}.Release|Any CPU.Build.0 = Release|Any CPU
		{182B9991-9C46-4702-A4FD-861DF8907E51}.Release|x64.ActiveCfg = Release|Any CPU
		{182B9991-9C46-4702-A4FD-861DF8907E51}.Release|x64.Build.0 = Release|Any CPU
		{182B9991-9C46-4702-A4FD-861DF8907E51}.Release|x86.ActiveCfg = Release|Any CPU
		{182B9991-9C46-4702-A4FD-861DF8907E51}.Release|x86.Build.0 = Release|Any CPU
		{A5BC96CF-2687-4397-A3DC-9A346366B7D0}.Debug|Any CPU.ActiveCfg = Debug|Any CPU
		{A5BC96CF-2687-4397-A3DC-9A346366B7D0}.Debug|Any CPU.Build.0 = Debug|Any CPU
		{A5BC96CF-2687-4397-A3DC-9A346366B7D0}.Debug|x64.ActiveCfg = Debug|Any CPU
		{A5BC96CF-2687-4397-A3DC-9A346366B7D0}.Debug|x64.Build.0 = Debug|Any CPU
		{A5BC96CF-2687-4397-A3DC-9A346366B7D0}.Debug|x86.ActiveCfg = Debug|Any CPU
		{A5BC96CF-2687-4397-A3DC-9A346366B7D0}.Debug|x86.Build.0 = Debug|Any CPU
		{A5BC96CF-2687-4397-A3DC-9A346366B7D0}.Release|Any CPU.ActiveCfg = Release|Any CPU
		{A5BC96CF-2687-4397-A3DC-9A346366B7D0}.Release|Any CPU.Build.0 = Release|Any CPU
		{A5BC96CF-2687-4397-A3DC-9A346366B7D0}.Release|x64.ActiveCfg = Release|Any CPU
		{A5BC96CF-2687-4397-A3DC-9A346366B7D0}.Release|x64.Build.0 = Release|Any CPU
		{A5BC96CF-2687-4397-A3DC-9A346366B7D0}.Release|x86.ActiveCfg = Release|Any CPU
		{A5BC96CF-2687-4397-A3DC-9A346366B7D0}.Release|x86.Build.0 = Release|Any CPU
		{80FB4994-6492-49FC-BC8A-1CA768C182A7}.Debug|Any CPU.ActiveCfg = Debug|Any CPU
		{80FB4994-6492-49FC-BC8A-1CA768C182A7}.Debug|Any CPU.Build.0 = Debug|Any CPU
		{80FB4994-6492-49FC-BC8A-1CA768C182A7}.Debug|x64.ActiveCfg = Debug|Any CPU
		{80FB4994-6492-49FC-BC8A-1CA768C182A7}.Debug|x64.Build.0 = Debug|Any CPU
		{80FB4994-6492-49FC-BC8A-1CA768C182A7}.Debug|x86.ActiveCfg = Debug|Any CPU
		{80FB4994-6492-49FC-BC8A-1CA768C182A7}.Debug|x86.Build.0 = Debug|Any CPU
		{80FB4994-6492-49FC-BC8A-1CA768C182A7}.Release|Any CPU.ActiveCfg = Release|Any CPU
		{80FB4994-6492-49FC-BC8A-1CA768C182A7}.Release|Any CPU.Build.0 = Release|Any CPU
		{80FB4994-6492-49FC-BC8A-1CA768C182A7}.Release|x64.ActiveCfg = Release|Any CPU
		{80FB4994-6492-49FC-BC8A-1CA768C182A7}.Release|x64.Build.0 = Release|Any CPU
		{80FB4994-6492-49FC-BC8A-1CA768C182A7}.Release|x86.ActiveCfg = Release|Any CPU
		{80FB4994-6492-49FC-BC8A-1CA768C182A7}.Release|x86.Build.0 = Release|Any CPU
		{EBC54F66-FDE1-4119-9A9A-68411A690AFE}.Debug|Any CPU.ActiveCfg = Debug|Any CPU
		{EBC54F66-FDE1-4119-9A9A-68411A690AFE}.Debug|Any CPU.Build.0 = Debug|Any CPU
		{EBC54F66-FDE1-4119-9A9A-68411A690AFE}.Debug|x64.ActiveCfg = Debug|Any CPU
		{EBC54F66-FDE1-4119-9A9A-68411A690AFE}.Debug|x64.Build.0 = Debug|Any CPU
		{EBC54F66-FDE1-4119-9A9A-68411A690AFE}.Debug|x86.ActiveCfg = Debug|Any CPU
		{EBC54F66-FDE1-4119-9A9A-68411A690AFE}.Debug|x86.Build.0 = Debug|Any CPU
		{EBC54F66-FDE1-4119-9A9A-68411A690AFE}.Release|Any CPU.ActiveCfg = Release|Any CPU
		{EBC54F66-FDE1-4119-9A9A-68411A690AFE}.Release|Any CPU.Build.0 = Release|Any CPU
		{EBC54F66-FDE1-4119-9A9A-68411A690AFE}.Release|x64.ActiveCfg = Release|Any CPU
		{EBC54F66-FDE1-4119-9A9A-68411A690AFE}.Release|x64.Build.0 = Release|Any CPU
		{EBC54F66-FDE1-4119-9A9A-68411A690AFE}.Release|x86.ActiveCfg = Release|Any CPU
		{EBC54F66-FDE1-4119-9A9A-68411A690AFE}.Release|x86.Build.0 = Release|Any CPU
		{0373A77C-8084-49A3-A55C-616A0786B157}.Debug|Any CPU.ActiveCfg = Debug|Any CPU
		{0373A77C-8084-49A3-A55C-616A0786B157}.Debug|Any CPU.Build.0 = Debug|Any CPU
		{0373A77C-8084-49A3-A55C-616A0786B157}.Debug|x64.ActiveCfg = Debug|Any CPU
		{0373A77C-8084-49A3-A55C-616A0786B157}.Debug|x64.Build.0 = Debug|Any CPU
		{0373A77C-8084-49A3-A55C-616A0786B157}.Debug|x86.ActiveCfg = Debug|Any CPU
		{0373A77C-8084-49A3-A55C-616A0786B157}.Debug|x86.Build.0 = Debug|Any CPU
		{0373A77C-8084-49A3-A55C-616A0786B157}.Release|Any CPU.ActiveCfg = Release|Any CPU
		{0373A77C-8084-49A3-A55C-616A0786B157}.Release|Any CPU.Build.0 = Release|Any CPU
		{0373A77C-8084-49A3-A55C-616A0786B157}.Release|x64.ActiveCfg = Release|Any CPU
		{0373A77C-8084-49A3-A55C-616A0786B157}.Release|x64.Build.0 = Release|Any CPU
		{0373A77C-8084-49A3-A55C-616A0786B157}.Release|x86.ActiveCfg = Release|Any CPU
		{0373A77C-8084-49A3-A55C-616A0786B157}.Release|x86.Build.0 = Release|Any CPU
	EndGlobalSection
	GlobalSection(SolutionProperties) = preSolution
		HideSolutionNode = FALSE
	EndGlobalSection
	GlobalSection(NestedProjects) = preSolution
		{01A29B6E-AD65-46B6-B3F8-B09192F2CE18} = {F23B0564-E14C-412B-9536-8C886B9219C4}
		{32E95753-453F-4DA7-9430-64B74C7D2E9A} = {01A29B6E-AD65-46B6-B3F8-B09192F2CE18}
		{6029F6A2-3EB6-475B-B7DB-048C4992B772} = {F23B0564-E14C-412B-9536-8C886B9219C4}
		{A031D604-BD12-4591-B39A-FDCD4237E018} = {6029F6A2-3EB6-475B-B7DB-048C4992B772}
		{E70DFE8E-5361-4233-94A2-0B50251A275F} = {6029F6A2-3EB6-475B-B7DB-048C4992B772}
		{7AD05F20-B0B0-4EAF-8EA4-F5573BBA9E71} = {6029F6A2-3EB6-475B-B7DB-048C4992B772}
		{A5F77AC7-F80C-401B-930D-5AE86EE2AAA2} = {6029F6A2-3EB6-475B-B7DB-048C4992B772}
		{80336F02-CB8A-4D25-832F-CD03E38F8234} = {6029F6A2-3EB6-475B-B7DB-048C4992B772}
		{E41D1F95-6374-42B8-9FC1-0AADB0D260E3} = {01A29B6E-AD65-46B6-B3F8-B09192F2CE18}
		{3582BB1E-8D29-4462-809A-BE62F8791F2B} = {01A29B6E-AD65-46B6-B3F8-B09192F2CE18}
		{D1B35B52-2023-4E53-9656-421766F5D366} = {6029F6A2-3EB6-475B-B7DB-048C4992B772}
		{2D8A6364-050D-4037-8BA6-EB114FE9A497} = {01A29B6E-AD65-46B6-B3F8-B09192F2CE18}
		{182B9991-9C46-4702-A4FD-861DF8907E51} = {01A29B6E-AD65-46B6-B3F8-B09192F2CE18}
		{BF7004C3-CDF7-41B4-980D-36F6A407969B} = {F23B0564-E14C-412B-9536-8C886B9219C4}
		{A5BC96CF-2687-4397-A3DC-9A346366B7D0} = {BF7004C3-CDF7-41B4-980D-36F6A407969B}
		{80FB4994-6492-49FC-BC8A-1CA768C182A7} = {BF7004C3-CDF7-41B4-980D-36F6A407969B}
		{EBC54F66-FDE1-4119-9A9A-68411A690AFE} = {BF7004C3-CDF7-41B4-980D-36F6A407969B}
		{0373A77C-8084-49A3-A55C-616A0786B157} = {BF7004C3-CDF7-41B4-980D-36F6A407969B}
	EndGlobalSection
	GlobalSection(ExtensibilityGlobals) = postSolution
		SolutionGuid = {EA552D17-7796-4337-8E9D-A206F3AAE077}
	EndGlobalSection
EndGlobal
